
Microsoft Visual Studio Solution File, Format Version 12.00
# Visual Studio Version 17
VisualStudioVersion = 17.0.31903.59
MinimumVisualStudioVersion = 10.0.40219.1
Project("{2150E333-8FDC-42A3-9474-1A3956D46DE8}") = "simple-sample", "simple-sample", "{062AE4A4-C221-8044-C620-CA47203C5520}"
EndProject
Project("{FAE04EC0-301F-11D3-BF4B-00C04F79EFBC}") = "SimpleSample", "simple-sample\SimpleSample.csproj", "{0E9F9E66-3321-4484-ADCD-B838E6F7160C}"
EndProject
Project("{2150E333-8FDC-42A3-9474-1A3956D46DE8}") = "backpressure-sample", "backpressure-sample", "{2282005B-EF38-C7C7-6DEF-6AC40206A81B}"
EndProject
Project("{FAE04EC0-301F-11D3-BF4B-00C04F79EFBC}") = "BackpressureSample", "backpressure-sample\BackpressureSample.csproj", "{5D3D67E7-D8DC-46F9-9C2A-FB6F60D82344}"
EndProject
Project("{2150E333-8FDC-42A3-9474-1A3956D46DE8}") = "backpressure-tests", "backpressure-tests", "{A41B9C9C-10BF-1FAC-4F4F-C0A45A4F052E}"
EndProject
Project("{FAE04EC0-301F-11D3-BF4B-00C04F79EFBC}") = "BackpressureTests", "backpressure-tests\BackpressureTests.csproj", "{C7E95801-B375-4CB2-8318-07E034865AEE}"
EndProject
Global
	GlobalSection(SolutionConfigurationPlatforms) = preSolution
		Debug|Any CPU = Debug|Any CPU
		Debug|x64 = Debug|x64
		Debug|x86 = Debug|x86
		Release|Any CPU = Release|Any CPU
		Release|x64 = Release|x64
		Release|x86 = Release|x86
	EndGlobalSection
	GlobalSection(ProjectConfigurationPlatforms) = postSolution
		{0E9F9E66-3321-4484-ADCD-B838E6F7160C}.Debug|Any CPU.ActiveCfg = Debug|Any CPU
		{0E9F9E66-3321-4484-ADCD-B838E6F7160C}.Debug|Any CPU.Build.0 = Debug|Any CPU
		{0E9F9E66-3321-4484-ADCD-B838E6F7160C}.Debug|x64.ActiveCfg = Debug|Any CPU
		{0E9F9E66-3321-4484-ADCD-B838E6F7160C}.Debug|x64.Build.0 = Debug|Any CPU
		{0E9F9E66-3321-4484-ADCD-B838E6F7160C}.Debug|x86.ActiveCfg = Debug|Any CPU
		{0E9F9E66-3321-4484-ADCD-B838E6F7160C}.Debug|x86.Build.0 = Debug|Any CPU
		{0E9F9E66-3321-4484-ADCD-B838E6F7160C}.Release|Any CPU.ActiveCfg = Release|Any CPU
		{0E9F9E66-3321-4484-ADCD-B838E6F7160C}.Release|Any CPU.Build.0 = Release|Any CPU
		{0E9F9E66-3321-4484-ADCD-B838E6F7160C}.Release|x64.ActiveCfg = Release|Any CPU
		{0E9F9E66-3321-4484-ADCD-B838E6F7160C}.Release|x64.Build.0 = Release|Any CPU
		{0E9F9E66-3321-4484-ADCD-B838E6F7160C}.Release|x86.ActiveCfg = Release|Any CPU
		{0E9F9E66-3321-4484-ADCD-B838E6F7160C}.Release|x86.Build.0 = Release|Any CPU
		{5D3D67E7-D8DC-46F9-9C2A-FB6F60D82344}.Debug|Any CPU.ActiveCfg = Debug|Any CPU
		{5D3D67E7-D8DC-46F9-9C2A-FB6F60D82344}.Debug|Any CPU.Build.0 = Debug|Any CPU
		{5D3D67E7-D8DC-46F9-9C2A-FB6F60D82344}.Debug|x64.ActiveCfg = Debug|Any CPU
		{5D3D67E7-D8DC-46F9-9C2A-FB6F60D82344}.Debug|x64.Build.0 = Debug|Any CPU
		{5D3D67E7-D8DC-46F9-9C2A-FB6F60D82344}.Debug|x86.ActiveCfg = Debug|Any CPU
		{5D3D67E7-D8DC-46F9-9C2A-FB6F60D82344}.Debug|x86.Build.0 = Debug|Any CPU
		{5D3D67E7-D8DC-46F9-9C2A-FB6F60D82344}.Release|Any CPU.ActiveCfg = Release|Any CPU
		{5D3D67E7-D8DC-46F9-9C2A-FB6F60D82344}.Release|Any CPU.Build.0 = Release|Any CPU
		{5D3D67E7-D8DC-46F9-9C2A-FB6F60D82344}.Release|x64.ActiveCfg = Release|Any CPU
		{5D3D67E7-D8DC-46F9-9C2A-FB6F60D82344}.Release|x64.Build.0 = Release|Any CPU
		{5D3D67E7-D8DC-46F9-9C2A-FB6F60D82344}.Release|x86.ActiveCfg = Release|Any CPU
		{5D3D67E7-D8DC-46F9-9C2A-FB6F60D82344}.Release|x86.Build.0 = Release|Any CPU
		{C7E95801-B375-4CB2-8318-07E034865AEE}.Debug|Any CPU.ActiveCfg = Debug|Any CPU
		{C7E95801-B375-4CB2-8318-07E034865AEE}.Debug|Any CPU.Build.0 = Debug|Any CPU
		{C7E95801-B375-4CB2-8318-07E034865AEE}.Debug|x64.ActiveCfg = Debug|Any CPU
		{C7E95801-B375-4CB2-8318-07E034865AEE}.Debug|x64.Build.0 = Debug|Any CPU
		{C7E95801-B375-4CB2-8318-07E034865AEE}.Debug|x86.ActiveCfg = Debug|Any CPU
		{C7E95801-B375-4CB2-8318-07E034865AEE}.Debug|x86.Build.0 = Debug|Any CPU
		{C7E95801-B375-4CB2-8318-07E034865AEE}.Release|Any CPU.ActiveCfg = Release|Any CPU
		{C7E95801-B375-4CB2-8318-07E034865AEE}.Release|Any CPU.Build.0 = Release|Any CPU
		{C7E95801-B375-4CB2-8318-07E034865AEE}.Release|x64.ActiveCfg = Release|Any CPU
		{C7E95801-B375-4CB2-8318-07E034865AEE}.Release|x64.Build.0 = Release|Any CPU
		{C7E95801-B375-4CB2-8318-07E034865AEE}.Release|x86.ActiveCfg = Release|Any CPU
		{C7E95801-B375-4CB2-8318-07E034865AEE}.Release|x86.Build.0 = Release|Any CPU
	EndGlobalSection
	GlobalSection(SolutionProperties) = preSolution
		HideSolutionNode = FALSE
	EndGlobalSection
	GlobalSection(NestedProjects) = preSolution
		{0E9F9E66-3321-4484-ADCD-B838E6F7160C} = {062AE4A4-C221-8044-C620-CA47203C5520}
		{5D3D67E7-D8DC-46F9-9C2A-FB6F60D82344} = {2282005B-EF38-C7C7-6DEF-6AC40206A81B}
		{C7E95801-B375-4CB2-8318-07E034865AEE} = {A41B9C9C-10BF-1FAC-4F4F-C0A45A4F052E}
	EndGlobalSection
EndGlobal
